
Microsoft Visual Studio Solution File, Format Version 12.00
# Visual Studio Version 16
VisualStudioVersion = 16.0.29424.173
MinimumVisualStudioVersion = 10.0.40219.1
Project("{FAE04EC0-301F-11D3-BF4B-00C04F79EFBC}") = "GameSystem", "GameSystem\GameSystem.csproj", "{63FA646B-306E-4658-B517-2E78D15F51E1}"
EndProject
Global
	GlobalSection(SolutionConfigurationPlatforms) = preSolution
		Debug|Any CPU = Debug|Any CPU
		Release|Any CPU = Release|Any CPU
	EndGlobalSection
	GlobalSection(ProjectConfigurationPlatforms) = postSolution
		{63FA646B-306E-4658-B517-2E78D15F51E1}.Debug|Any CPU.ActiveCfg = Debug|Any CPU
		{63FA646B-306E-4658-B517-2E78D15F51E1}.Debug|Any CPU.Build.0 = Debug|Any CPU
		{63FA646B-306E-4658-B517-2E78D15F51E1}.Release|Any CPU.ActiveCfg = Release|Any CPU
		{63FA646B-306E-4658-B517-2E78D15F51E1}.Release|Any CPU.Build.0 = Release|Any CPU
	EndGlobalSection
	GlobalSection(SolutionProperties) = preSolution
		HideSolutionNode = FALSE
	EndGlobalSection
	GlobalSection(ExtensibilityGlobals) = postSolution
		SolutionGuid = {C51B13CF-2DBF-424D-9E00-4052B9808BA2}
	EndGlobalSection
EndGlobal
